
Microsoft Visual Studio Solution File, Format Version 12.00
Project("{FAE04EC0-301F-11D3-BF4B-00C04F79EFBC}") = "CrudApplication", "CrudApplication\CrudApplication.csproj", "{ADA01255-809E-4214-B109-E1685DE1DD0F}"
EndProject
Project("{FAE04EC0-301F-11D3-BF4B-00C04F79EFBC}") = "UnitTesting", "UnitTesting\UnitTesting.csproj", "{EEFC1B56-B821-4F5E-B8C7-F8D0A424AD55}"
EndProject
Project("{FAE04EC0-301F-11D3-BF4B-00C04F79EFBC}") = "Entities", "Entities\Entities.csproj", "{94CA1123-D10D-41F5-99BD-6F40EEE0C5B4}"
EndProject
Project("{FAE04EC0-301F-11D3-BF4B-00C04F79EFBC}") = "ServiceContracts", "ServiceContracts\ServiceContracts.csproj", "{3AB10C7D-D509-4DB8-920B-5675C5A43B1B}"
EndProject
Project("{FAE04EC0-301F-11D3-BF4B-00C04F79EFBC}") = "Services", "Services\Services.csproj", "{C47DB50B-231C-4571-A7A1-9E1A977603AC}"
EndProject
Global
	GlobalSection(SolutionConfigurationPlatforms) = preSolution
		Debug|Any CPU = Debug|Any CPU
		Release|Any CPU = Release|Any CPU
	EndGlobalSection
	GlobalSection(ProjectConfigurationPlatforms) = postSolution
		{ADA01255-809E-4214-B109-E1685DE1DD0F}.Debug|Any CPU.ActiveCfg = Debug|Any CPU
		{ADA01255-809E-4214-B109-E1685DE1DD0F}.Debug|Any CPU.Build.0 = Debug|Any CPU
		{ADA01255-809E-4214-B109-E1685DE1DD0F}.Release|Any CPU.ActiveCfg = Release|Any CPU
		{ADA01255-809E-4214-B109-E1685DE1DD0F}.Release|Any CPU.Build.0 = Release|Any CPU
		{EEFC1B56-B821-4F5E-B8C7-F8D0A424AD55}.Debug|Any CPU.ActiveCfg = Debug|Any CPU
		{EEFC1B56-B821-4F5E-B8C7-F8D0A424AD55}.Debug|Any CPU.Build.0 = Debug|Any CPU
		{EEFC1B56-B821-4F5E-B8C7-F8D0A424AD55}.Release|Any CPU.ActiveCfg = Release|Any CPU
		{EEFC1B56-B821-4F5E-B8C7-F8D0A424AD55}.Release|Any CPU.Build.0 = Release|Any CPU
		{94CA1123-D10D-41F5-99BD-6F40EEE0C5B4}.Debug|Any CPU.ActiveCfg = Debug|Any CPU
		{94CA1123-D10D-41F5-99BD-6F40EEE0C5B4}.Debug|Any CPU.Build.0 = Debug|Any CPU
		{94CA1123-D10D-41F5-99BD-6F40EEE0C5B4}.Release|Any CPU.ActiveCfg = Release|Any CPU
		{94CA1123-D10D-41F5-99BD-6F40EEE0C5B4}.Release|Any CPU.Build.0 = Release|Any CPU
		{3AB10C7D-D509-4DB8-920B-5675C5A43B1B}.Debug|Any CPU.ActiveCfg = Debug|Any CPU
		{3AB10C7D-D509-4DB8-920B-5675C5A43B1B}.Debug|Any CPU.Build.0 = Debug|Any CPU
		{3AB10C7D-D509-4DB8-920B-5675C5A43B1B}.Release|Any CPU.ActiveCfg = Release|Any CPU
		{3AB10C7D-D509-4DB8-920B-5675C5A43B1B}.Release|Any CPU.Build.0 = Release|Any CPU
		{C47DB50B-231C-4571-A7A1-9E1A977603AC}.Debug|Any CPU.ActiveCfg = Debug|Any CPU
		{C47DB50B-231C-4571-A7A1-9E1A977603AC}.Debug|Any CPU.Build.0 = Debug|Any CPU
		{C47DB50B-231C-4571-A7A1-9E1A977603AC}.Release|Any CPU.ActiveCfg = Release|Any CPU
		{C47DB50B-231C-4571-A7A1-9E1A977603AC}.Release|Any CPU.Build.0 = Release|Any CPU
	EndGlobalSection
EndGlobal
